
Microsoft Visual Studio Solution File, Format Version 12.00
# Visual Studio Version 17
VisualStudioVersion = 17.7.34018.315
MinimumVisualStudioVersion = 10.0.40219.1
Project("{FAE04EC0-301F-11D3-BF4B-00C04F79EFBC}") = "MyFirstConsoleApplication", "MyFirstConsoleApplication\MyFirstConsoleApplication.csproj", "{B857D4BF-C14F-4049-94CB-C38153F0502B}"
EndProject
Global
	GlobalSection(SolutionConfigurationPlatforms) = preSolution
		Debug|Any CPU = Debug|Any CPU
		Release|Any CPU = Release|Any CPU
	EndGlobalSection
	GlobalSection(ProjectConfigurationPlatforms) = postSolution
		{B857D4BF-C14F-4049-94CB-C38153F0502B}.Debug|Any CPU.ActiveCfg = Debug|Any CPU
		{B857D4BF-C14F-4049-94CB-C38153F0502B}.Debug|Any CPU.Build.0 = Debug|Any CPU
		{B857D4BF-C14F-4049-94CB-C38153F0502B}.Release|Any CPU.ActiveCfg = Release|Any CPU
		{B857D4BF-C14F-4049-94CB-C38153F0502B}.Release|Any CPU.Build.0 = Release|Any CPU
	EndGlobalSection
	GlobalSection(SolutionProperties) = preSolution
		HideSolutionNode = FALSE
	EndGlobalSection
	GlobalSection(ExtensibilityGlobals) = postSolution
		SolutionGuid = {2CEA9AD1-7A95-4F38-9492-783BFF8D33D2}
	EndGlobalSection
EndGlobal
